
Microsoft Visual Studio Solution File, Format Version 12.00
# Visual Studio 15
VisualStudioVersion = 15.0.26430.12
MinimumVisualStudioVersion = 10.0.40219.1
Project("{FAE04EC0-301F-11D3-BF4B-00C04F79EFBC}") = "Ratio_Counter", "Ratio_Counter\Ratio_Counter.csproj", "{BBB938D7-42C0-4878-89D2-08610B04550F}"
EndProject
Global
	GlobalSection(SolutionConfigurationPlatforms) = preSolution
		Debug|Any CPU = Debug|Any CPU
		Release|Any CPU = Release|Any CPU
	EndGlobalSection
	GlobalSection(ProjectConfigurationPlatforms) = postSolution
		{BBB938D7-42C0-4878-89D2-08610B04550F}.Debug|Any CPU.ActiveCfg = Debug|Any CPU
		{BBB938D7-42C0-4878-89D2-08610B04550F}.Debug|Any CPU.Build.0 = Debug|Any CPU
		{BBB938D7-42C0-4878-89D2-08610B04550F}.Release|Any CPU.ActiveCfg = Release|Any CPU
		{BBB938D7-42C0-4878-89D2-08610B04550F}.Release|Any CPU.Build.0 = Release|Any CPU
	EndGlobalSection
	GlobalSection(SolutionProperties) = preSolution
		HideSolutionNode = FALSE
	EndGlobalSection
EndGlobal
